
Microsoft Visual Studio Solution File, Format Version 12.00
# Visual Studio Version 16
VisualStudioVersion = 16.0.30225.117
MinimumVisualStudioVersion = 10.0.40219.1
Project("{2150E333-8FDC-42A3-9474-1A3956D46DE8}") = "CriThink.Server", "CriThink.Server", "{A6CCE6CD-6ADE-4F6A-991E-3150DC8E7216}"
EndProject
Project("{2150E333-8FDC-42A3-9474-1A3956D46DE8}") = "Solution Items", "Solution Items", "{BBF39149-EF50-473D-80EB-705B2B038BB0}"
	ProjectSection(SolutionItems) = preProject
		.editorconfig = .editorconfig
	EndProjectSection
EndProject
Project("{2150E333-8FDC-42A3-9474-1A3956D46DE8}") = "CriThink.Client", "CriThink.Client", "{D69534B1-BEA8-4FCC-9833-6E69E98D6D3F}"
EndProject
Project("{9A19103F-16F7-4668-BE54-9A1E7A4F7556}") = "CriThink.Server.Web", "CriThink.Server\CriThink.Server.Web\CriThink.Server.Web.csproj", "{F45E0B5E-4DDB-437F-86AF-04BB1CDFC945}"
EndProject
Project("{2150E333-8FDC-42A3-9474-1A3956D46DE8}") = "CriThink.Common", "CriThink.Common", "{BA34B9AC-1947-4BBB-863B-45A5BE35B2B8}"
EndProject
Project("{9A19103F-16F7-4668-BE54-9A1E7A4F7556}") = "CriThink.Common.Endpoints", "CriThink.Common\CriThink.Common.Endpoints\CriThink.Common.Endpoints.csproj", "{547DC5D0-DFA2-4C2C-9319-6D7CB4CB20B7}"
EndProject
Project("{9A19103F-16F7-4668-BE54-9A1E7A4F7556}") = "CriThink.Server.Infrastructure", "CriThink.Server\CriThink.Server.Infrastructure\CriThink.Server.Infrastructure.csproj", "{06D78090-7B36-4C9F-B832-A8042A427308}"
EndProject
Project("{9A19103F-16F7-4668-BE54-9A1E7A4F7556}") = "CriThink.Server.Core", "CriThink.Server\CriThink.Server.Core\CriThink.Server.Core.csproj", "{621D1F39-9250-4186-81AA-C7E049674CF5}"
EndProject
Project("{9A19103F-16F7-4668-BE54-9A1E7A4F7556}") = "CriThink.Common.Helpers", "CriThink.Common\CriThink.Common.Helpers\CriThink.Common.Helpers.csproj", "{5D07BB1D-6447-48D0-B5ED-4BCE3F2ACCDE}"
EndProject
Project("{2150E333-8FDC-42A3-9474-1A3956D46DE8}") = "CriThink.Server.Providers", "CriThink.Server.Providers", "{846AD08F-D8C2-46BB-A9A9-F895D090C97E}"
EndProject
Project("{9A19103F-16F7-4668-BE54-9A1E7A4F7556}") = "CriThink.Server.RazorViews", "CriThink.Server\CriThink.Server.RazorViews\CriThink.Server.RazorViews.csproj", "{F003492B-6C1F-4958-A305-31065D766ED0}"
EndProject
Project("{9A19103F-16F7-4668-BE54-9A1E7A4F7556}") = "CriThink.Server.Providers.EmailSender", "CriThink.Server\CriThink.Server.Providers\CriThink.Server.Providers.EmailSender\CriThink.Server.Providers.EmailSender.csproj", "{AE0C7AA2-D54F-4DC8-835A-32413C31F124}"
EndProject
Project("{9A19103F-16F7-4668-BE54-9A1E7A4F7556}") = "CriThink.Server.Providers.NewsAnalyzer", "CriThink.Server\CriThink.Server.Providers\CriThink.Server.Providers.NewsAnalyzer\CriThink.Server.Providers.NewsAnalyzer.csproj", "{B245DA8A-5411-4973-A7C0-51D7CFD61981}"
EndProject
Project("{9A19103F-16F7-4668-BE54-9A1E7A4F7556}") = "CriThink.Server.Providers.DebunkingNewsFetcher", "CriThink.Server\CriThink.Server.Providers\CriThink.Server.Providers.DebunkingNewsFetcher\CriThink.Server.Providers.DebunkingNewsFetcher.csproj", "{00FA7783-F385-497B-BB6E-82C283E9046C}"
EndProject
Project("{9A19103F-16F7-4668-BE54-9A1E7A4F7556}") = "CriThink.Server.Demo", "CriThink.Server\CriThink.Server.Demo\CriThink.Server.Demo.csproj", "{9B7731F4-5405-4CEA-B4ED-9F49B585DD79}"
EndProject
Project("{9A19103F-16F7-4668-BE54-9A1E7A4F7556}") = "CriThink.Client.Core", "CriThink.Client\CriThink.Client.Core\CriThink.Client.Core.csproj", "{6334B064-DD22-4F85-AA05-7AB088145757}"
EndProject
Project("{FAE04EC0-301F-11D3-BF4B-00C04F79EFBC}") = "CriThink.Client.Droid", "CriThink.Client\CriThink.Client.Droid\CriThink.Client.Droid.csproj", "{CE8A0A87-9504-41E0-8AF7-051CDF555348}"
EndProject
Project("{FAE04EC0-301F-11D3-BF4B-00C04F79EFBC}") = "CriThink.Client.iOS", "CriThink.Client\CriThink.Client.iOS\CriThink.Client.iOS.csproj", "{C6331FAC-C417-4B08-95DA-E41F7A301611}"
EndProject
Project("{9A19103F-16F7-4668-BE54-9A1E7A4F7556}") = "CriThink.Server.Providers.Common", "CriThink.Server\CriThink.Server.Providers\CriThink.Server.Providers.Common\CriThink.Server.Providers.Common.csproj", "{B554CB92-1C69-45BF-8CBA-061EB19AA817}"
EndProject
Global
	GlobalSection(SolutionConfigurationPlatforms) = preSolution
		Debug|Any CPU = Debug|Any CPU
		Debug|iPhone = Debug|iPhone
		Debug|iPhoneSimulator = Debug|iPhoneSimulator
		Release|Any CPU = Release|Any CPU
		Release|iPhone = Release|iPhone
		Release|iPhoneSimulator = Release|iPhoneSimulator
	EndGlobalSection
	GlobalSection(ProjectConfigurationPlatforms) = postSolution
		{F45E0B5E-4DDB-437F-86AF-04BB1CDFC945}.Debug|Any CPU.ActiveCfg = Debug|Any CPU
		{F45E0B5E-4DDB-437F-86AF-04BB1CDFC945}.Debug|Any CPU.Build.0 = Debug|Any CPU
		{F45E0B5E-4DDB-437F-86AF-04BB1CDFC945}.Debug|iPhone.ActiveCfg = Debug|Any CPU
		{F45E0B5E-4DDB-437F-86AF-04BB1CDFC945}.Debug|iPhone.Build.0 = Debug|Any CPU
		{F45E0B5E-4DDB-437F-86AF-04BB1CDFC945}.Debug|iPhoneSimulator.ActiveCfg = Debug|Any CPU
		{F45E0B5E-4DDB-437F-86AF-04BB1CDFC945}.Debug|iPhoneSimulator.Build.0 = Debug|Any CPU
		{F45E0B5E-4DDB-437F-86AF-04BB1CDFC945}.Release|Any CPU.ActiveCfg = Release|Any CPU
		{F45E0B5E-4DDB-437F-86AF-04BB1CDFC945}.Release|Any CPU.Build.0 = Release|Any CPU
		{F45E0B5E-4DDB-437F-86AF-04BB1CDFC945}.Release|iPhone.ActiveCfg = Release|Any CPU
		{F45E0B5E-4DDB-437F-86AF-04BB1CDFC945}.Release|iPhone.Build.0 = Release|Any CPU
		{F45E0B5E-4DDB-437F-86AF-04BB1CDFC945}.Release|iPhoneSimulator.ActiveCfg = Release|Any CPU
		{F45E0B5E-4DDB-437F-86AF-04BB1CDFC945}.Release|iPhoneSimulator.Build.0 = Release|Any CPU
		{547DC5D0-DFA2-4C2C-9319-6D7CB4CB20B7}.Debug|Any CPU.ActiveCfg = Debug|Any CPU
		{547DC5D0-DFA2-4C2C-9319-6D7CB4CB20B7}.Debug|Any CPU.Build.0 = Debug|Any CPU
		{547DC5D0-DFA2-4C2C-9319-6D7CB4CB20B7}.Debug|iPhone.ActiveCfg = Debug|Any CPU
		{547DC5D0-DFA2-4C2C-9319-6D7CB4CB20B7}.Debug|iPhone.Build.0 = Debug|Any CPU
		{547DC5D0-DFA2-4C2C-9319-6D7CB4CB20B7}.Debug|iPhoneSimulator.ActiveCfg = Debug|Any CPU
		{547DC5D0-DFA2-4C2C-9319-6D7CB4CB20B7}.Debug|iPhoneSimulator.Build.0 = Debug|Any CPU
		{547DC5D0-DFA2-4C2C-9319-6D7CB4CB20B7}.Release|Any CPU.ActiveCfg = Release|Any CPU
		{547DC5D0-DFA2-4C2C-9319-6D7CB4CB20B7}.Release|Any CPU.Build.0 = Release|Any CPU
		{547DC5D0-DFA2-4C2C-9319-6D7CB4CB20B7}.Release|iPhone.ActiveCfg = Release|Any CPU
		{547DC5D0-DFA2-4C2C-9319-6D7CB4CB20B7}.Release|iPhone.Build.0 = Release|Any CPU
		{547DC5D0-DFA2-4C2C-9319-6D7CB4CB20B7}.Release|iPhoneSimulator.ActiveCfg = Release|Any CPU
		{547DC5D0-DFA2-4C2C-9319-6D7CB4CB20B7}.Release|iPhoneSimulator.Build.0 = Release|Any CPU
		{06D78090-7B36-4C9F-B832-A8042A427308}.Debug|Any CPU.ActiveCfg = Debug|Any CPU
		{06D78090-7B36-4C9F-B832-A8042A427308}.Debug|Any CPU.Build.0 = Debug|Any CPU
		{06D78090-7B36-4C9F-B832-A8042A427308}.Debug|iPhone.ActiveCfg = Debug|Any CPU
		{06D78090-7B36-4C9F-B832-A8042A427308}.Debug|iPhone.Build.0 = Debug|Any CPU
		{06D78090-7B36-4C9F-B832-A8042A427308}.Debug|iPhoneSimulator.ActiveCfg = Debug|Any CPU
		{06D78090-7B36-4C9F-B832-A8042A427308}.Debug|iPhoneSimulator.Build.0 = Debug|Any CPU
		{06D78090-7B36-4C9F-B832-A8042A427308}.Release|Any CPU.ActiveCfg = Release|Any CPU
		{06D78090-7B36-4C9F-B832-A8042A427308}.Release|Any CPU.Build.0 = Release|Any CPU
		{06D78090-7B36-4C9F-B832-A8042A427308}.Release|iPhone.ActiveCfg = Release|Any CPU
		{06D78090-7B36-4C9F-B832-A8042A427308}.Release|iPhone.Build.0 = Release|Any CPU
		{06D78090-7B36-4C9F-B832-A8042A427308}.Release|iPhoneSimulator.ActiveCfg = Release|Any CPU
		{06D78090-7B36-4C9F-B832-A8042A427308}.Release|iPhoneSimulator.Build.0 = Release|Any CPU
		{621D1F39-9250-4186-81AA-C7E049674CF5}.Debug|Any CPU.ActiveCfg = Debug|Any CPU
		{621D1F39-9250-4186-81AA-C7E049674CF5}.Debug|Any CPU.Build.0 = Debug|Any CPU
		{621D1F39-9250-4186-81AA-C7E049674CF5}.Debug|iPhone.ActiveCfg = Debug|Any CPU
		{621D1F39-9250-4186-81AA-C7E049674CF5}.Debug|iPhone.Build.0 = Debug|Any CPU
		{621D1F39-9250-4186-81AA-C7E049674CF5}.Debug|iPhoneSimulator.ActiveCfg = Debug|Any CPU
		{621D1F39-9250-4186-81AA-C7E049674CF5}.Debug|iPhoneSimulator.Build.0 = Debug|Any CPU
		{621D1F39-9250-4186-81AA-C7E049674CF5}.Release|Any CPU.ActiveCfg = Release|Any CPU
		{621D1F39-9250-4186-81AA-C7E049674CF5}.Release|Any CPU.Build.0 = Release|Any CPU
		{621D1F39-9250-4186-81AA-C7E049674CF5}.Release|iPhone.ActiveCfg = Release|Any CPU
		{621D1F39-9250-4186-81AA-C7E049674CF5}.Release|iPhone.Build.0 = Release|Any CPU
		{621D1F39-9250-4186-81AA-C7E049674CF5}.Release|iPhoneSimulator.ActiveCfg = Release|Any CPU
		{621D1F39-9250-4186-81AA-C7E049674CF5}.Release|iPhoneSimulator.Build.0 = Release|Any CPU
		{5D07BB1D-6447-48D0-B5ED-4BCE3F2ACCDE}.Debug|Any CPU.ActiveCfg = Debug|Any CPU
		{5D07BB1D-6447-48D0-B5ED-4BCE3F2ACCDE}.Debug|Any CPU.Build.0 = Debug|Any CPU
		{5D07BB1D-6447-48D0-B5ED-4BCE3F2ACCDE}.Debug|iPhone.ActiveCfg = Debug|Any CPU
		{5D07BB1D-6447-48D0-B5ED-4BCE3F2ACCDE}.Debug|iPhone.Build.0 = Debug|Any CPU
		{5D07BB1D-6447-48D0-B5ED-4BCE3F2ACCDE}.Debug|iPhoneSimulator.ActiveCfg = Debug|Any CPU
		{5D07BB1D-6447-48D0-B5ED-4BCE3F2ACCDE}.Debug|iPhoneSimulator.Build.0 = Debug|Any CPU
		{5D07BB1D-6447-48D0-B5ED-4BCE3F2ACCDE}.Release|Any CPU.ActiveCfg = Release|Any CPU
		{5D07BB1D-6447-48D0-B5ED-4BCE3F2ACCDE}.Release|Any CPU.Build.0 = Release|Any CPU
		{5D07BB1D-6447-48D0-B5ED-4BCE3F2ACCDE}.Release|iPhone.ActiveCfg = Release|Any CPU
		{5D07BB1D-6447-48D0-B5ED-4BCE3F2ACCDE}.Release|iPhone.Build.0 = Release|Any CPU
		{5D07BB1D-6447-48D0-B5ED-4BCE3F2ACCDE}.Release|iPhoneSimulator.ActiveCfg = Release|Any CPU
		{5D07BB1D-6447-48D0-B5ED-4BCE3F2ACCDE}.Release|iPhoneSimulator.Build.0 = Release|Any CPU
		{F003492B-6C1F-4958-A305-31065D766ED0}.Debug|Any CPU.ActiveCfg = Debug|Any CPU
		{F003492B-6C1F-4958-A305-31065D766ED0}.Debug|Any CPU.Build.0 = Debug|Any CPU
		{F003492B-6C1F-4958-A305-31065D766ED0}.Debug|iPhone.ActiveCfg = Debug|Any CPU
		{F003492B-6C1F-4958-A305-31065D766ED0}.Debug|iPhone.Build.0 = Debug|Any CPU
		{F003492B-6C1F-4958-A305-31065D766ED0}.Debug|iPhoneSimulator.ActiveCfg = Debug|Any CPU
		{F003492B-6C1F-4958-A305-31065D766ED0}.Debug|iPhoneSimulator.Build.0 = Debug|Any CPU
		{F003492B-6C1F-4958-A305-31065D766ED0}.Release|Any CPU.ActiveCfg = Release|Any CPU
		{F003492B-6C1F-4958-A305-31065D766ED0}.Release|Any CPU.Build.0 = Release|Any CPU
		{F003492B-6C1F-4958-A305-31065D766ED0}.Release|iPhone.ActiveCfg = Release|Any CPU
		{F003492B-6C1F-4958-A305-31065D766ED0}.Release|iPhone.Build.0 = Release|Any CPU
		{F003492B-6C1F-4958-A305-31065D766ED0}.Release|iPhoneSimulator.ActiveCfg = Release|Any CPU
		{F003492B-6C1F-4958-A305-31065D766ED0}.Release|iPhoneSimulator.Build.0 = Release|Any CPU
		{AE0C7AA2-D54F-4DC8-835A-32413C31F124}.Debug|Any CPU.ActiveCfg = Debug|Any CPU
		{AE0C7AA2-D54F-4DC8-835A-32413C31F124}.Debug|Any CPU.Build.0 = Debug|Any CPU
		{AE0C7AA2-D54F-4DC8-835A-32413C31F124}.Debug|iPhone.ActiveCfg = Debug|Any CPU
		{AE0C7AA2-D54F-4DC8-835A-32413C31F124}.Debug|iPhone.Build.0 = Debug|Any CPU
		{AE0C7AA2-D54F-4DC8-835A-32413C31F124}.Debug|iPhoneSimulator.ActiveCfg = Debug|Any CPU
		{AE0C7AA2-D54F-4DC8-835A-32413C31F124}.Debug|iPhoneSimulator.Build.0 = Debug|Any CPU
		{AE0C7AA2-D54F-4DC8-835A-32413C31F124}.Release|Any CPU.ActiveCfg = Release|Any CPU
		{AE0C7AA2-D54F-4DC8-835A-32413C31F124}.Release|Any CPU.Build.0 = Release|Any CPU
		{AE0C7AA2-D54F-4DC8-835A-32413C31F124}.Release|iPhone.ActiveCfg = Release|Any CPU
		{AE0C7AA2-D54F-4DC8-835A-32413C31F124}.Release|iPhone.Build.0 = Release|Any CPU
		{AE0C7AA2-D54F-4DC8-835A-32413C31F124}.Release|iPhoneSimulator.ActiveCfg = Release|Any CPU
		{AE0C7AA2-D54F-4DC8-835A-32413C31F124}.Release|iPhoneSimulator.Build.0 = Release|Any CPU
		{B245DA8A-5411-4973-A7C0-51D7CFD61981}.Debug|Any CPU.ActiveCfg = Debug|Any CPU
		{B245DA8A-5411-4973-A7C0-51D7CFD61981}.Debug|Any CPU.Build.0 = Debug|Any CPU
		{B245DA8A-5411-4973-A7C0-51D7CFD61981}.Debug|iPhone.ActiveCfg = Debug|Any CPU
		{B245DA8A-5411-4973-A7C0-51D7CFD61981}.Debug|iPhone.Build.0 = Debug|Any CPU
		{B245DA8A-5411-4973-A7C0-51D7CFD61981}.Debug|iPhoneSimulator.ActiveCfg = Debug|Any CPU
		{B245DA8A-5411-4973-A7C0-51D7CFD61981}.Debug|iPhoneSimulator.Build.0 = Debug|Any CPU
		{B245DA8A-5411-4973-A7C0-51D7CFD61981}.Release|Any CPU.ActiveCfg = Release|Any CPU
		{B245DA8A-5411-4973-A7C0-51D7CFD61981}.Release|Any CPU.Build.0 = Release|Any CPU
		{B245DA8A-5411-4973-A7C0-51D7CFD61981}.Release|iPhone.ActiveCfg = Release|Any CPU
		{B245DA8A-5411-4973-A7C0-51D7CFD61981}.Release|iPhone.Build.0 = Release|Any CPU
		{B245DA8A-5411-4973-A7C0-51D7CFD61981}.Release|iPhoneSimulator.ActiveCfg = Release|Any CPU
		{B245DA8A-5411-4973-A7C0-51D7CFD61981}.Release|iPhoneSimulator.Build.0 = Release|Any CPU
		{00FA7783-F385-497B-BB6E-82C283E9046C}.Debug|Any CPU.ActiveCfg = Debug|Any CPU
		{00FA7783-F385-497B-BB6E-82C283E9046C}.Debug|Any CPU.Build.0 = Debug|Any CPU
		{00FA7783-F385-497B-BB6E-82C283E9046C}.Debug|iPhone.ActiveCfg = Debug|Any CPU
		{00FA7783-F385-497B-BB6E-82C283E9046C}.Debug|iPhone.Build.0 = Debug|Any CPU
		{00FA7783-F385-497B-BB6E-82C283E9046C}.Debug|iPhoneSimulator.ActiveCfg = Debug|Any CPU
		{00FA7783-F385-497B-BB6E-82C283E9046C}.Debug|iPhoneSimulator.Build.0 = Debug|Any CPU
		{00FA7783-F385-497B-BB6E-82C283E9046C}.Release|Any CPU.ActiveCfg = Release|Any CPU
		{00FA7783-F385-497B-BB6E-82C283E9046C}.Release|Any CPU.Build.0 = Release|Any CPU
		{00FA7783-F385-497B-BB6E-82C283E9046C}.Release|iPhone.ActiveCfg = Release|Any CPU
		{00FA7783-F385-497B-BB6E-82C283E9046C}.Release|iPhone.Build.0 = Release|Any CPU
		{00FA7783-F385-497B-BB6E-82C283E9046C}.Release|iPhoneSimulator.ActiveCfg = Release|Any CPU
		{00FA7783-F385-497B-BB6E-82C283E9046C}.Release|iPhoneSimulator.Build.0 = Release|Any CPU
		{9B7731F4-5405-4CEA-B4ED-9F49B585DD79}.Debug|Any CPU.ActiveCfg = Debug|Any CPU
		{9B7731F4-5405-4CEA-B4ED-9F49B585DD79}.Debug|Any CPU.Build.0 = Debug|Any CPU
		{9B7731F4-5405-4CEA-B4ED-9F49B585DD79}.Debug|iPhone.ActiveCfg = Debug|Any CPU
		{9B7731F4-5405-4CEA-B4ED-9F49B585DD79}.Debug|iPhone.Build.0 = Debug|Any CPU
		{9B7731F4-5405-4CEA-B4ED-9F49B585DD79}.Debug|iPhoneSimulator.ActiveCfg = Debug|Any CPU
		{9B7731F4-5405-4CEA-B4ED-9F49B585DD79}.Debug|iPhoneSimulator.Build.0 = Debug|Any CPU
		{9B7731F4-5405-4CEA-B4ED-9F49B585DD79}.Release|Any CPU.ActiveCfg = Release|Any CPU
		{9B7731F4-5405-4CEA-B4ED-9F49B585DD79}.Release|Any CPU.Build.0 = Release|Any CPU
		{9B7731F4-5405-4CEA-B4ED-9F49B585DD79}.Release|iPhone.ActiveCfg = Release|Any CPU
		{9B7731F4-5405-4CEA-B4ED-9F49B585DD79}.Release|iPhone.Build.0 = Release|Any CPU
		{9B7731F4-5405-4CEA-B4ED-9F49B585DD79}.Release|iPhoneSimulator.ActiveCfg = Release|Any CPU
		{9B7731F4-5405-4CEA-B4ED-9F49B585DD79}.Release|iPhoneSimulator.Build.0 = Release|Any CPU
		{6334B064-DD22-4F85-AA05-7AB088145757}.Debug|Any CPU.ActiveCfg = Debug|Any CPU
		{6334B064-DD22-4F85-AA05-7AB088145757}.Debug|Any CPU.Build.0 = Debug|Any CPU
		{6334B064-DD22-4F85-AA05-7AB088145757}.Debug|iPhone.ActiveCfg = Debug|Any CPU
		{6334B064-DD22-4F85-AA05-7AB088145757}.Debug|iPhone.Build.0 = Debug|Any CPU
		{6334B064-DD22-4F85-AA05-7AB088145757}.Debug|iPhoneSimulator.ActiveCfg = Debug|Any CPU
		{6334B064-DD22-4F85-AA05-7AB088145757}.Debug|iPhoneSimulator.Build.0 = Debug|Any CPU
		{6334B064-DD22-4F85-AA05-7AB088145757}.Release|Any CPU.ActiveCfg = Release|Any CPU
		{6334B064-DD22-4F85-AA05-7AB088145757}.Release|Any CPU.Build.0 = Release|Any CPU
		{6334B064-DD22-4F85-AA05-7AB088145757}.Release|iPhone.ActiveCfg = Release|Any CPU
		{6334B064-DD22-4F85-AA05-7AB088145757}.Release|iPhone.Build.0 = Release|Any CPU
		{6334B064-DD22-4F85-AA05-7AB088145757}.Release|iPhoneSimulator.ActiveCfg = Release|Any CPU
		{6334B064-DD22-4F85-AA05-7AB088145757}.Release|iPhoneSimulator.Build.0 = Release|Any CPU
		{CE8A0A87-9504-41E0-8AF7-051CDF555348}.Debug|Any CPU.ActiveCfg = Debug|Any CPU
		{CE8A0A87-9504-41E0-8AF7-051CDF555348}.Debug|Any CPU.Build.0 = Debug|Any CPU
		{CE8A0A87-9504-41E0-8AF7-051CDF555348}.Debug|Any CPU.Deploy.0 = Debug|Any CPU
		{CE8A0A87-9504-41E0-8AF7-051CDF555348}.Debug|iPhone.ActiveCfg = Debug|Any CPU
		{CE8A0A87-9504-41E0-8AF7-051CDF555348}.Debug|iPhone.Build.0 = Debug|Any CPU
		{CE8A0A87-9504-41E0-8AF7-051CDF555348}.Debug|iPhone.Deploy.0 = Debug|Any CPU
		{CE8A0A87-9504-41E0-8AF7-051CDF555348}.Debug|iPhoneSimulator.ActiveCfg = Debug|Any CPU
		{CE8A0A87-9504-41E0-8AF7-051CDF555348}.Debug|iPhoneSimulator.Build.0 = Debug|Any CPU
		{CE8A0A87-9504-41E0-8AF7-051CDF555348}.Debug|iPhoneSimulator.Deploy.0 = Debug|Any CPU
		{CE8A0A87-9504-41E0-8AF7-051CDF555348}.Release|Any CPU.ActiveCfg = Release|Any CPU
		{CE8A0A87-9504-41E0-8AF7-051CDF555348}.Release|Any CPU.Build.0 = Release|Any CPU
		{CE8A0A87-9504-41E0-8AF7-051CDF555348}.Release|Any CPU.Deploy.0 = Release|Any CPU
		{CE8A0A87-9504-41E0-8AF7-051CDF555348}.Release|iPhone.ActiveCfg = Release|Any CPU
		{CE8A0A87-9504-41E0-8AF7-051CDF555348}.Release|iPhone.Build.0 = Release|Any CPU
		{CE8A0A87-9504-41E0-8AF7-051CDF555348}.Release|iPhone.Deploy.0 = Release|Any CPU
		{CE8A0A87-9504-41E0-8AF7-051CDF555348}.Release|iPhoneSimulator.ActiveCfg = Release|Any CPU
		{CE8A0A87-9504-41E0-8AF7-051CDF555348}.Release|iPhoneSimulator.Build.0 = Release|Any CPU
		{CE8A0A87-9504-41E0-8AF7-051CDF555348}.Release|iPhoneSimulator.Deploy.0 = Release|Any CPU
		{C6331FAC-C417-4B08-95DA-E41F7A301611}.Debug|Any CPU.ActiveCfg = Debug|iPhoneSimulator
		{C6331FAC-C417-4B08-95DA-E41F7A301611}.Debug|iPhone.ActiveCfg = Debug|iPhone
		{C6331FAC-C417-4B08-95DA-E41F7A301611}.Debug|iPhone.Build.0 = Debug|iPhone
		{C6331FAC-C417-4B08-95DA-E41F7A301611}.Debug|iPhoneSimulator.ActiveCfg = Debug|iPhoneSimulator
		{C6331FAC-C417-4B08-95DA-E41F7A301611}.Debug|iPhoneSimulator.Build.0 = Debug|iPhoneSimulator
		{C6331FAC-C417-4B08-95DA-E41F7A301611}.Release|Any CPU.ActiveCfg = Release|iPhoneSimulator
		{C6331FAC-C417-4B08-95DA-E41F7A301611}.Release|iPhone.ActiveCfg = Release|iPhone
		{C6331FAC-C417-4B08-95DA-E41F7A301611}.Release|iPhone.Build.0 = Release|iPhone
		{C6331FAC-C417-4B08-95DA-E41F7A301611}.Release|iPhoneSimulator.ActiveCfg = Release|iPhoneSimulator
		{C6331FAC-C417-4B08-95DA-E41F7A301611}.Release|iPhoneSimulator.Build.0 = Release|iPhoneSimulator
		{B554CB92-1C69-45BF-8CBA-061EB19AA817}.Debug|Any CPU.ActiveCfg = Debug|Any CPU
		{B554CB92-1C69-45BF-8CBA-061EB19AA817}.Debug|Any CPU.Build.0 = Debug|Any CPU
		{B554CB92-1C69-45BF-8CBA-061EB19AA817}.Debug|iPhone.ActiveCfg = Debug|Any CPU
		{B554CB92-1C69-45BF-8CBA-061EB19AA817}.Debug|iPhone.Build.0 = Debug|Any CPU
		{B554CB92-1C69-45BF-8CBA-061EB19AA817}.Debug|iPhoneSimulator.ActiveCfg = Debug|Any CPU
		{B554CB92-1C69-45BF-8CBA-061EB19AA817}.Debug|iPhoneSimulator.Build.0 = Debug|Any CPU
		{B554CB92-1C69-45BF-8CBA-061EB19AA817}.Release|Any CPU.ActiveCfg = Release|Any CPU
		{B554CB92-1C69-45BF-8CBA-061EB19AA817}.Release|Any CPU.Build.0 = Release|Any CPU
		{B554CB92-1C69-45BF-8CBA-061EB19AA817}.Release|iPhone.ActiveCfg = Release|Any CPU
		{B554CB92-1C69-45BF-8CBA-061EB19AA817}.Release|iPhone.Build.0 = Release|Any CPU
		{B554CB92-1C69-45BF-8CBA-061EB19AA817}.Release|iPhoneSimulator.ActiveCfg = Release|Any CPU
		{B554CB92-1C69-45BF-8CBA-061EB19AA817}.Release|iPhoneSimulator.Build.0 = Release|Any CPU
	EndGlobalSection
	GlobalSection(SolutionProperties) = preSolution
		HideSolutionNode = FALSE
	EndGlobalSection
	GlobalSection(NestedProjects) = preSolution
		{F45E0B5E-4DDB-437F-86AF-04BB1CDFC945} = {A6CCE6CD-6ADE-4F6A-991E-3150DC8E7216}
		{547DC5D0-DFA2-4C2C-9319-6D7CB4CB20B7} = {BA34B9AC-1947-4BBB-863B-45A5BE35B2B8}
		{06D78090-7B36-4C9F-B832-A8042A427308} = {A6CCE6CD-6ADE-4F6A-991E-3150DC8E7216}
		{621D1F39-9250-4186-81AA-C7E049674CF5} = {A6CCE6CD-6ADE-4F6A-991E-3150DC8E7216}
		{5D07BB1D-6447-48D0-B5ED-4BCE3F2ACCDE} = {BA34B9AC-1947-4BBB-863B-45A5BE35B2B8}
		{846AD08F-D8C2-46BB-A9A9-F895D090C97E} = {A6CCE6CD-6ADE-4F6A-991E-3150DC8E7216}
		{F003492B-6C1F-4958-A305-31065D766ED0} = {A6CCE6CD-6ADE-4F6A-991E-3150DC8E7216}
		{AE0C7AA2-D54F-4DC8-835A-32413C31F124} = {846AD08F-D8C2-46BB-A9A9-F895D090C97E}
		{B245DA8A-5411-4973-A7C0-51D7CFD61981} = {846AD08F-D8C2-46BB-A9A9-F895D090C97E}
		{00FA7783-F385-497B-BB6E-82C283E9046C} = {846AD08F-D8C2-46BB-A9A9-F895D090C97E}
		{9B7731F4-5405-4CEA-B4ED-9F49B585DD79} = {A6CCE6CD-6ADE-4F6A-991E-3150DC8E7216}
		{6334B064-DD22-4F85-AA05-7AB088145757} = {D69534B1-BEA8-4FCC-9833-6E69E98D6D3F}
		{CE8A0A87-9504-41E0-8AF7-051CDF555348} = {D69534B1-BEA8-4FCC-9833-6E69E98D6D3F}
		{C6331FAC-C417-4B08-95DA-E41F7A301611} = {D69534B1-BEA8-4FCC-9833-6E69E98D6D3F}
		{B554CB92-1C69-45BF-8CBA-061EB19AA817} = {846AD08F-D8C2-46BB-A9A9-F895D090C97E}
	EndGlobalSection
	GlobalSection(ExtensibilityGlobals) = postSolution
		SolutionGuid = {F84E5D14-E97C-4611-8886-D9A39FDA717E}
	EndGlobalSection
EndGlobal
